
Microsoft Visual Studio Solution File, Format Version 12.00
# Visual Studio 2013
VisualStudioVersion = 12.0.21005.1
MinimumVisualStudioVersion = 10.0.40219.1
Project("{FAE04EC0-301F-11D3-BF4B-00C04F79EFBC}") = "Emphasize", "Emphasize\Emphasize.csproj", "{1F0ADED4-AC6A-4067-BA07-D5D8EF50E721}"
EndProject
Project("{FAE04EC0-301F-11D3-BF4B-00C04F79EFBC}") = "Emphasize.Tests", "Emphasize.Tests\Emphasize.Tests.csproj", "{1C7E3B85-9EEE-4E6C-822F-C0A210B4EF02}"
EndProject
Project("{2150E333-8FDC-42A3-9474-1A3956D46DE8}") = ".nuget", ".nuget", "{4D802CA0-F0A2-4D5B-9C5A-D9DE322D575E}"
	ProjectSection(SolutionItems) = preProject
		.nuget\NuGet.Config = .nuget\NuGet.Config
		.nuget\NuGet.exe = .nuget\NuGet.exe
		.nuget\NuGet.targets = .nuget\NuGet.targets
	EndProjectSection
EndProject
Global
	GlobalSection(SolutionConfigurationPlatforms) = preSolution
		Debug|Any CPU = Debug|Any CPU
		Release|Any CPU = Release|Any CPU
	EndGlobalSection
	GlobalSection(ProjectConfigurationPlatforms) = postSolution
		{1F0ADED4-AC6A-4067-BA07-D5D8EF50E721}.Debug|Any CPU.ActiveCfg = Debug|Any CPU
		{1F0ADED4-AC6A-4067-BA07-D5D8EF50E721}.Debug|Any CPU.Build.0 = Debug|Any CPU
		{1F0ADED4-AC6A-4067-BA07-D5D8EF50E721}.Release|Any CPU.ActiveCfg = Release|Any CPU
		{1F0ADED4-AC6A-4067-BA07-D5D8EF50E721}.Release|Any CPU.Build.0 = Release|Any CPU
		{1C7E3B85-9EEE-4E6C-822F-C0A210B4EF02}.Debug|Any CPU.ActiveCfg = Debug|Any CPU
		{1C7E3B85-9EEE-4E6C-822F-C0A210B4EF02}.Debug|Any CPU.Build.0 = Debug|Any CPU
		{1C7E3B85-9EEE-4E6C-822F-C0A210B4EF02}.Release|Any CPU.ActiveCfg = Release|Any CPU
		{1C7E3B85-9EEE-4E6C-822F-C0A210B4EF02}.Release|Any CPU.Build.0 = Release|Any CPU
	EndGlobalSection
	GlobalSection(SolutionProperties) = preSolution
		HideSolutionNode = FALSE
	EndGlobalSection
EndGlobal
